
Microsoft Visual Studio Solution File, Format Version 12.00
# Visual Studio Version 17
VisualStudioVersion = 17.1.32414.318
MinimumVisualStudioVersion = 10.0.40219.1
Project("{FAE04EC0-301F-11D3-BF4B-00C04F79EFBC}") = "Maximumofthree", "Maximumofthree.csproj", "{A882D6E5-90DF-4C1B-8F83-59587BC5BA8D}"
EndProject
Project("{FAE04EC0-301F-11D3-BF4B-00C04F79EFBC}") = "MaximumofthreeTests", "..\MaximumofthreeTests\MaximumofthreeTests.csproj", "{3972170C-6D98-494C-8754-8CBB1EF12BFD}"
EndProject
Global
	GlobalSection(SolutionConfigurationPlatforms) = preSolution
		Debug|Any CPU = Debug|Any CPU
		Release|Any CPU = Release|Any CPU
	EndGlobalSection
	GlobalSection(ProjectConfigurationPlatforms) = postSolution
		{A882D6E5-90DF-4C1B-8F83-59587BC5BA8D}.Debug|Any CPU.ActiveCfg = Debug|Any CPU
		{A882D6E5-90DF-4C1B-8F83-59587BC5BA8D}.Debug|Any CPU.Build.0 = Debug|Any CPU
		{A882D6E5-90DF-4C1B-8F83-59587BC5BA8D}.Release|Any CPU.ActiveCfg = Release|Any CPU
		{A882D6E5-90DF-4C1B-8F83-59587BC5BA8D}.Release|Any CPU.Build.0 = Release|Any CPU
		{3972170C-6D98-494C-8754-8CBB1EF12BFD}.Debug|Any CPU.ActiveCfg = Debug|Any CPU
		{3972170C-6D98-494C-8754-8CBB1EF12BFD}.Debug|Any CPU.Build.0 = Debug|Any CPU
		{3972170C-6D98-494C-8754-8CBB1EF12BFD}.Release|Any CPU.ActiveCfg = Release|Any CPU
		{3972170C-6D98-494C-8754-8CBB1EF12BFD}.Release|Any CPU.Build.0 = Release|Any CPU
	EndGlobalSection
	GlobalSection(SolutionProperties) = preSolution
		HideSolutionNode = FALSE
	EndGlobalSection
	GlobalSection(ExtensibilityGlobals) = postSolution
		SolutionGuid = {6B1B3104-08C9-4597-A915-CA244849DB55}
	EndGlobalSection
EndGlobal
